
Microsoft Visual Studio Solution File, Format Version 12.00
# Visual Studio Version 17
VisualStudioVersion = 17.8.34511.84
MinimumVisualStudioVersion = 10.0.40219.1
Project("{9A19103F-16F7-4668-BE54-9A1E7A4F7556}") = "Ecommerce.Api", "..\..\source\repos\Ecommerce-api\Ecommerce.Api\Ecommerce.Api.csproj", "{0CF44EB2-03FE-408B-9813-2A5EE0C4D028}"
EndProject
Project("{2150E333-8FDC-42A3-9474-1A3956D46DE8}") = "Presentation", "Presentation", "{EF649C18-CBB0-4A72-8983-367D791A2B37}"
EndProject
Project("{9A19103F-16F7-4668-BE54-9A1E7A4F7556}") = "Ecommerce.Application", "..\..\source\repos\Ecommerce-api\Ecommerce.Application\Ecommerce.Application.csproj", "{298EC910-5272-4CE3-8764-BEE91B7ED3B5}"
EndProject
Project("{2150E333-8FDC-42A3-9474-1A3956D46DE8}") = "Core", "Core", "{C219B45A-1010-44F0-8FCE-CC46A948BE40}"
EndProject
Project("{2150E333-8FDC-42A3-9474-1A3956D46DE8}") = "Infrastructure", "Infrastructure", "{B5A1A590-F373-40FA-BD70-57994ADF0EA8}"
EndProject
Project("{9A19103F-16F7-4668-BE54-9A1E7A4F7556}") = "Ecommerce.Domain", "..\..\source\repos\Ecommerce-api\Ecommerce.Domain\Ecommerce.Domain.csproj", "{783EB774-44DC-4921-B835-25EC37F34B9F}"
EndProject
Project("{9A19103F-16F7-4668-BE54-9A1E7A4F7556}") = "Ecommerce.Infrastructure", "..\..\source\repos\Ecommerce-api\Ecommerce.Infrastructure\Ecommerce.Infrastructure.csproj", "{9093D6E3-1D5D-4025-9563-D2D084227479}"
EndProject
Project("{9A19103F-16F7-4668-BE54-9A1E7A4F7556}") = "Ecommerce.Persistence", "..\..\source\repos\Ecommerce-api\Ecommerce.Persistance\Ecommerce.Persistence.csproj", "{DDCABA0E-C5E5-4EE4-9657-03A6B62D5C54}"
EndProject
Global
	GlobalSection(SolutionConfigurationPlatforms) = preSolution
		Debug|Any CPU = Debug|Any CPU
		Release|Any CPU = Release|Any CPU
	EndGlobalSection
	GlobalSection(ProjectConfigurationPlatforms) = postSolution
		{0CF44EB2-03FE-408B-9813-2A5EE0C4D028}.Debug|Any CPU.ActiveCfg = Debug|Any CPU
		{0CF44EB2-03FE-408B-9813-2A5EE0C4D028}.Debug|Any CPU.Build.0 = Debug|Any CPU
		{0CF44EB2-03FE-408B-9813-2A5EE0C4D028}.Release|Any CPU.ActiveCfg = Release|Any CPU
		{0CF44EB2-03FE-408B-9813-2A5EE0C4D028}.Release|Any CPU.Build.0 = Release|Any CPU
		{298EC910-5272-4CE3-8764-BEE91B7ED3B5}.Debug|Any CPU.ActiveCfg = Debug|Any CPU
		{298EC910-5272-4CE3-8764-BEE91B7ED3B5}.Debug|Any CPU.Build.0 = Debug|Any CPU
		{298EC910-5272-4CE3-8764-BEE91B7ED3B5}.Release|Any CPU.ActiveCfg = Release|Any CPU
		{298EC910-5272-4CE3-8764-BEE91B7ED3B5}.Release|Any CPU.Build.0 = Release|Any CPU
		{783EB774-44DC-4921-B835-25EC37F34B9F}.Debug|Any CPU.ActiveCfg = Debug|Any CPU
		{783EB774-44DC-4921-B835-25EC37F34B9F}.Debug|Any CPU.Build.0 = Debug|Any CPU
		{783EB774-44DC-4921-B835-25EC37F34B9F}.Release|Any CPU.ActiveCfg = Release|Any CPU
		{783EB774-44DC-4921-B835-25EC37F34B9F}.Release|Any CPU.Build.0 = Release|Any CPU
		{9093D6E3-1D5D-4025-9563-D2D084227479}.Debug|Any CPU.ActiveCfg = Debug|Any CPU
		{9093D6E3-1D5D-4025-9563-D2D084227479}.Debug|Any CPU.Build.0 = Debug|Any CPU
		{9093D6E3-1D5D-4025-9563-D2D084227479}.Release|Any CPU.ActiveCfg = Release|Any CPU
		{9093D6E3-1D5D-4025-9563-D2D084227479}.Release|Any CPU.Build.0 = Release|Any CPU
		{DDCABA0E-C5E5-4EE4-9657-03A6B62D5C54}.Debug|Any CPU.ActiveCfg = Debug|Any CPU
		{DDCABA0E-C5E5-4EE4-9657-03A6B62D5C54}.Debug|Any CPU.Build.0 = Debug|Any CPU
		{DDCABA0E-C5E5-4EE4-9657-03A6B62D5C54}.Release|Any CPU.ActiveCfg = Release|Any CPU
		{DDCABA0E-C5E5-4EE4-9657-03A6B62D5C54}.Release|Any CPU.Build.0 = Release|Any CPU
	EndGlobalSection
	GlobalSection(SolutionProperties) = preSolution
		HideSolutionNode = FALSE
	EndGlobalSection
	GlobalSection(NestedProjects) = preSolution
		{0CF44EB2-03FE-408B-9813-2A5EE0C4D028} = {EF649C18-CBB0-4A72-8983-367D791A2B37}
		{298EC910-5272-4CE3-8764-BEE91B7ED3B5} = {C219B45A-1010-44F0-8FCE-CC46A948BE40}
		{783EB774-44DC-4921-B835-25EC37F34B9F} = {C219B45A-1010-44F0-8FCE-CC46A948BE40}
		{9093D6E3-1D5D-4025-9563-D2D084227479} = {B5A1A590-F373-40FA-BD70-57994ADF0EA8}
		{DDCABA0E-C5E5-4EE4-9657-03A6B62D5C54} = {B5A1A590-F373-40FA-BD70-57994ADF0EA8}
	EndGlobalSection
	GlobalSection(ExtensibilityGlobals) = postSolution
		SolutionGuid = {1AC74D6F-E34F-4B31-BB49-9FA0609829B7}
	EndGlobalSection
EndGlobal
